lockfileVersion: 5.4

specifiers:
  next: 13.2.5-canary.0
  react: 18.2.0
  react-dom: 18.2.0

dependencies:
  next: 13.2.5-canary.0_biqbaboplfbrettd7655fr4n2y
  react: 18.2.0
  react-dom: 18.2.0_react@18.2.0

packages:

  /@next/env/13.2.5-canary.0:
    resolution: {integrity: sha512-x1yQ2rhGfOC0MgQA8ygFqbz39zhWEDWL7pYuBnqT7cQSM0TU6VOWGQR3Cf1+EFDi9xq6m4ZI9ceEbcmc+JK1Bg==}
    dev: false

  /@next/swc-android-arm-eabi/13.2.5-canary.0:
    resolution: {integrity: sha512-lrXwDa5+7j3ciTN5h12MHjmkz3V2kIdpYqCABU7wbLp1BfazFUjyKvKpbaRhJeRQsMuO6gJpJKi4jGQVvCiigQ==}
    engines: {node: '>= 10'}
    cpu: [arm]
    os: [android]
    requiresBuild: true
    dev: false
    optional: true

  /@next/swc-android-arm64/13.2.5-canary.0:
    resolution: {integrity: sha512-/GN6G2XYZArVJCF0oKearSb4dgbQcjBb6pCzgC7JC+xaB1fToVuogKoFYF+kfqOxNppO/upC0AwM+TBTq4YH2Q==}
    engines: {node: '>= 10'}
    cpu: [arm64]
    os: [android]
    requiresBuild: true
    dev: false
    optional: true

  /@next/swc-darwin-arm64/13.2.5-canary.0:
    resolution: {integrity: sha512-tT8Xo85c3FsARJr3CEXYhAX94aIQj2Gh5LrbRDRmwcAZQyJrd6gJDZj9dzGCOijeNVn5Kc7iOeQh6WtTUfHDmA==}
    engines: {node: '>= 10'}
    cpu: [arm64]
    os: [darwin]
    requiresBuild: true
    dev: false
    optional: true

  /@next/swc-darwin-x64/13.2.5-canary.0:
    resolution: {integrity: sha512-9rGtJ5edfdVwnc3QONfKnW+QoPYvTzGvTVn4slZsL58CXsyDuDqfSEFvBdsBaGWK3H9fIs9EcDh2ItCc4laVwg==}
    engines: {node: '>= 10'}
    cpu: [x64]
    os: [darwin]
    requiresBuild: true
    dev: false
    optional: true

  /@next/swc-freebsd-x64/13.2.5-canary.0:
    resolution: {integrity: sha512-J8uwwYt4EnxYpk57HYSBbAMz8gScJXvnNAuWYUk50XgCUjej1uY3u256wDmWL+qVh6ezFmIrAYXR1cBKrwSiRA==}
    engines: {node: '>= 10'}
    cpu: [x64]
    os: [freebsd]
    requiresBuild: true
    dev: false
    optional: true

  /@next/swc-linux-arm-gnueabihf/13.2.5-canary.0:
    resolution: {integrity: sha512-ec1lQCDe3/iPy0ETZvb1ePBTFjrCvb59GBTAPvav31CgQTJGw0KiFNiOnILQila9BtdwTbQ2DxvrgSKPY50HIw==}
    engines: {node: '>= 10'}
    cpu: [arm]
    os: [linux]
    requiresBuild: true
    dev: false
    optional: true

  /@next/swc-linux-arm64-gnu/13.2.5-canary.0:
    resolution: {integrity: sha512-W2kJZWPqvxAdxrmL9RGRr1QmdkQtlAvizeGbzkemWmMBuK5rOOK9ZLhZo8RCvBxRUABF6nSHkATa24En/yM64w==}
    engines: {node: '>= 10'}
    cpu: [arm64]
    os: [linux]
    requiresBuild: true
    dev: false
    optional: true

  /@next/swc-linux-arm64-musl/13.2.5-canary.0:
    resolution: {integrity: sha512-9JVY6NOobAGU+JiIE8V2X2UuRHbq7bTptcMfjEP3wx2yCOJTEgIzGsRY27wqVypmeUEqd6B2IdLCrFoszCmjDw==}
    engines: {node: '>= 10'}
    cpu: [arm64]
    os: [linux]
    requiresBuild: true
    dev: false
    optional: true

  /@next/swc-linux-x64-gnu/13.2.5-canary.0:
    resolution: {integrity: sha512-+ktiOR85nhMSXtDRAcX/8bSb/42WQ8Ns0cvOGr1flZhQkG/PB4sfxYMhB9YkqqgePQyfHt2z56T/SQ8mUj7Vhw==}
    engines: {node: '>= 10'}
    cpu: [x64]
    os: [linux]
    requiresBuild: true
    dev: false
    optional: true

  /@next/swc-linux-x64-musl/13.2.5-canary.0:
    resolution: {integrity: sha512-ScH+H/gnm7Ms6gyNU0HbZ4yFZ+nfRycBCyCmlxXs68XKkhxfl1N0GyntqmE17cEDBvwgbTPudTzpnuiKxKQzpQ==}
    engines: {node: '>= 10'}
    cpu: [x64]
    os: [linux]
    requiresBuild: true
    dev: false
    optional: true

  /@next/swc-win32-arm64-msvc/13.2.5-canary.0:
    resolution: {integrity: sha512-7yW6NP0y5p30qtoVAHjbWCMsdRLG1d4fnb6qRAsiGkf75Yz4GW/FCMm7MZvSb8hvy8+rREnA6F1Os9umC7x7PA==}
    engines: {node: '>= 10'}
    cpu: [arm64]
    os: [win32]
    requiresBuild: true
    dev: false
    optional: true

  /@next/swc-win32-ia32-msvc/13.2.5-canary.0:
    resolution: {integrity: sha512-TiS8iiNSfB2qtWEpZ1D6+s6cju2HM4N0UxX0q2ZJpc93Ejn7cAC6+oTt+UooruA+7ndXfVq3r7nZ7qwRuAu31Q==}
    engines: {node: '>= 10'}
    cpu: [ia32]
    os: [win32]
    requiresBuild: true
    dev: false
    optional: true

  /@next/swc-win32-x64-msvc/13.2.5-canary.0:
    resolution: {integrity: sha512-uxbZybFwB9OCZEEA2hoG9nZgqfEiVGq3cWpU+hHgUJgKaPuL4qGdaUar4kli1UL55AH7JZDnUVC+BUqenTu03Q==}
    engines: {node: '>= 10'}
    cpu: [x64]
    os: [win32]
    requiresBuild: true
    dev: false
    optional: true

  /@swc/helpers/0.4.14:
    resolution: {integrity: sha512-4C7nX/dvpzB7za4Ql9K81xK3HPxCpHMgwTZVyf+9JQ6VUbn9jjZVN7/Nkdz/Ugzs2CSjqnL/UPXroiVBVHUWUw==}
    dependencies:
      tslib: 2.5.0
    dev: false

  /caniuse-lite/1.0.30001464:
    resolution: {integrity: sha512-oww27MtUmusatpRpCGSOneQk2/l5czXANDSFvsc7VuOQ86s3ANhZetpwXNf1zY/zdfP63Xvjz325DAdAoES13g==}
    dev: false

  /client-only/0.0.1:
    resolution: {integrity: sha512-IV3Ou0jSMzZrd3pZ48nLkT9DA7Ag1pnPzaiQhpW7c3RbcqqzvzzVu+L8gfqMp/8IM2MQtSiqaCxrrcfu8I8rMA==}
    dev: false

  /js-tokens/4.0.0:
    resolution: {integrity: sha512-RdJUflcE3cUzKiMqQgsCu06FPu9UdIJO0beYbPhHN4k6apgJtifcoCtT9bcxOpYBtpD2kCM6Sbzg4CausW/PKQ==}
    dev: false

  /loose-envify/1.4.0:
    resolution: {integrity: sha512-lyuxPGr/Wfhrlem2CL/UcnUc1zcqKAImBDzukY7Y5F/yQiNdko6+fRLevlw1HgMySw7f611UIY408EtxRSoK3Q==}
    hasBin: true
    dependencies:
      js-tokens: 4.0.0
    dev: false

  /nanoid/3.3.4:
    resolution: {integrity: sha512-MqBkQh/OHTS2egovRtLk45wEyNXwF+cokD+1YPf9u5VfJiRdAiRwB2froX5Co9Rh20xs4siNPm8naNotSD6RBw==}
    engines: {node: ^10 || ^12 || ^13.7 || ^14 || >=15.0.1}
    hasBin: true
    dev: false

  /next/13.2.5-canary.0_biqbaboplfbrettd7655fr4n2y:
    resolution: {integrity: sha512-F3fEwd3dxW98IeC8aKGuXblbxxGG1AjMjtNpMrz5X1Vr1kxWcbMpATBXTKRQKm4mIoDDKWNj7bOfZkJbDfpJ8w==}
    engines: {node: '>=14.6.0'}
    hasBin: true
    peerDependencies:
      '@opentelemetry/api': ^1.4.0
      fibers: '>= 3.1.0'
      node-sass: ^6.0.0 || ^7.0.0
      react: ^18.2.0
      react-dom: ^18.2.0
      sass: ^1.3.0
    peerDependenciesMeta:
      '@opentelemetry/api':
        optional: true
      fibers:
        optional: true
      node-sass:
        optional: true
      sass:
        optional: true
    dependencies:
      '@next/env': 13.2.5-canary.0
      '@swc/helpers': 0.4.14
      caniuse-lite: 1.0.30001464
      postcss: 8.4.14
      react: 18.2.0
      react-dom: 18.2.0_react@18.2.0
      styled-jsx: 5.1.1_react@18.2.0
    optionalDependencies:
      '@next/swc-android-arm-eabi': 13.2.5-canary.0
      '@next/swc-android-arm64': 13.2.5-canary.0
      '@next/swc-darwin-arm64': 13.2.5-canary.0
      '@next/swc-darwin-x64': 13.2.5-canary.0
      '@next/swc-freebsd-x64': 13.2.5-canary.0
      '@next/swc-linux-arm-gnueabihf': 13.2.5-canary.0
      '@next/swc-linux-arm64-gnu': 13.2.5-canary.0
      '@next/swc-linux-arm64-musl': 13.2.5-canary.0
      '@next/swc-linux-x64-gnu': 13.2.5-canary.0
      '@next/swc-linux-x64-musl': 13.2.5-canary.0
      '@next/swc-win32-arm64-msvc': 13.2.5-canary.0
      '@next/swc-win32-ia32-msvc': 13.2.5-canary.0
      '@next/swc-win32-x64-msvc': 13.2.5-canary.0
    transitivePeerDependencies:
      - '@babel/core'
      - babel-plugin-macros
    dev: false

  /picocolors/1.0.0:
    resolution: {integrity: sha512-1fygroTLlHu66zi26VoTDv8yRgm0Fccecssto+MhsZ0D/DGW2sm8E8AjW7NU5VVTRt5GxbeZ5qBuJr+HyLYkjQ==}
    dev: false

  /postcss/8.4.14:
    resolution: {integrity: sha512-E398TUmfAYFPBSdzgeieK2Y1+1cpdxJx8yXbK/m57nRhKSmk1GB2tO4lbLBtlkfPQTDKfe4Xqv1ASWPpayPEig==}
    engines: {node: ^10 || ^12 || >=14}
    dependencies:
      nanoid: 3.3.4
      picocolors: 1.0.0
      source-map-js: 1.0.2
    dev: false

  /react-dom/18.2.0_react@18.2.0:
    resolution: {integrity: sha512-6IMTriUmvsjHUjNtEDudZfuDQUoWXVxKHhlEGSk81n4YFS+r/Kl99wXiwlVXtPBtJenozv2P+hxDsw9eA7Xo6g==}
    peerDependencies:
      react: ^18.2.0
    dependencies:
      loose-envify: 1.4.0
      react: 18.2.0
      scheduler: 0.23.0
    dev: false

  /react/18.2.0:
    resolution: {integrity: sha512-/3IjMdb2L9QbBdWiW5e3P2/npwMBaU9mHCSCUzNln0ZCYbcfTsGbTJrU/kGemdH2IWmB2ioZ+zkxtmq6g09fGQ==}
    engines: {node: '>=0.10.0'}
    dependencies:
      loose-envify: 1.4.0
    dev: false

  /scheduler/0.23.0:
    resolution: {integrity: sha512-CtuThmgHNg7zIZWAXi3AsyIzA3n4xx7aNyjwC2VJldO2LMVDhFK+63xGqq6CsJH4rTAt6/M+N4GhZiDYPx9eUw==}
    dependencies:
      loose-envify: 1.4.0
    dev: false

  /source-map-js/1.0.2:
    resolution: {integrity: sha512-R0XvVJ9WusLiqTCEiGCmICCMplcCkIwwR11mOSD9CR5u+IXYdiseeEuXCVAjS54zqwkLcPNnmU4OeJ6tUrWhDw==}
    engines: {node: '>=0.10.0'}
    dev: false

  /styled-jsx/5.1.1_react@18.2.0:
    resolution: {integrity: sha512-pW7uC1l4mBZ8ugbiZrcIsiIvVx1UmTfw7UkC3Um2tmfUq9Bhk8IiyEIPl6F8agHgjzku6j0xQEZbfA5uSgSaCw==}
    engines: {node: '>= 12.0.0'}
    peerDependencies:
      '@babel/core': '*'
      babel-plugin-macros: '*'
      react: '>= 16.8.0 || 17.x.x || ^18.0.0-0'
    peerDependenciesMeta:
      '@babel/core':
        optional: true
      babel-plugin-macros:
        optional: true
    dependencies:
      client-only: 0.0.1
      react: 18.2.0
    dev: false

  /tslib/2.5.0:
    resolution: {integrity: sha512-336iVw3rtn2BUK7ORdIAHTyxHGRIHVReokCR3XjbckJMK7ms8FysBfhLR8IXnAgy7T0PTPNBWKiH514FOW/WSg==}
    dev: false
